
Microsoft Visual Studio Solution File, Format Version 12.00
# Visual Studio 15
VisualStudioVersion = 15.0.28307.1022
MinimumVisualStudioVersion = 10.0.40219.1
Project("{9A19103F-16F7-4668-BE54-9A1E7A4F7556}") = "FilterApiApplication", "FilterApiApplication\FilterApiApplication.csproj", "{24F487C4-7978-4D75-96FE-1B10B897AFC3}"
EndProject
Project("{FAE04EC0-301F-11D3-BF4B-00C04F79EFBC}") = "Test", "Test\Test.csproj", "{48BECAAA-4C31-4200-B291-D6691FBCB053}"
EndProject
Global
	GlobalSection(SolutionConfigurationPlatforms) = preSolution
		Debug|Any CPU = Debug|Any CPU
		Release|Any CPU = Release|Any CPU
	EndGlobalSection
	GlobalSection(ProjectConfigurationPlatforms) = postSolution
		{24F487C4-7978-4D75-96FE-1B10B897AFC3}.Debug|Any CPU.ActiveCfg = Debug|Any CPU
		{24F487C4-7978-4D75-96FE-1B10B897AFC3}.Debug|Any CPU.Build.0 = Debug|Any CPU
		{24F487C4-7978-4D75-96FE-1B10B897AFC3}.Release|Any CPU.ActiveCfg = Release|Any CPU
		{24F487C4-7978-4D75-96FE-1B10B897AFC3}.Release|Any CPU.Build.0 = Release|Any CPU
		{48BECAAA-4C31-4200-B291-D6691FBCB053}.Debug|Any CPU.ActiveCfg = Debug|Any CPU
		{48BECAAA-4C31-4200-B291-D6691FBCB053}.Debug|Any CPU.Build.0 = Debug|Any CPU
		{48BECAAA-4C31-4200-B291-D6691FBCB053}.Release|Any CPU.ActiveCfg = Release|Any CPU
		{48BECAAA-4C31-4200-B291-D6691FBCB053}.Release|Any CPU.Build.0 = Release|Any CPU
	EndGlobalSection
	GlobalSection(SolutionProperties) = preSolution
		HideSolutionNode = FALSE
	EndGlobalSection
	GlobalSection(ExtensibilityGlobals) = postSolution
		SolutionGuid = {5A9A5DE2-7311-4444-BDD4-195C0230D45D}
	EndGlobalSection
EndGlobal
